{
  "lockfile_version": "1",
  "packages": {
    "opentofu@latest": {
      "last_modified": "2024-12-30T01:48:12Z",
      "resolved": "github:NixOS/nixpkgs/6d97d419e5a9b36e6293887a89a078cf85f5a61b#opentofu",
      "source": "devbox-search",
      "version": "1.8.8",
      "systems": {
        "aarch64-darwin": {
          "outputs": [
            {
              "name": "out",
              "path": "/nix/store/v4rwnr98r1cfahfzaarffn45kkkk33kz-opentofu-1.8.8",
              "default": true
            }
          ],
          "store_path": "/nix/store/v4rwnr98r1cfahfzaarffn45kkkk33kz-opentofu-1.8.8"
        },
        "aarch64-linux": {
          "outputs": [
            {
              "name": "out",
              "path": "/nix/store/02py2xznm9yajjipm5hjrmwshfq5j3z7-opentofu-1.8.8",
              "default": true
            }
          ],
          "store_path": "/nix/store/02py2xznm9yajjipm5hjrmwshfq5j3z7-opentofu-1.8.8"
        },
        "x86_64-darwin": {
          "outputs": [
            {
              "name": "out",
              "path": "/nix/store/zrn1girp29g45508i5kwbbwbjya25sc8-opentofu-1.8.8",
              "default": true
            }
          ],
          "store_path": "/nix/store/zrn1girp29g45508i5kwbbwbjya25sc8-opentofu-1.8.8"
        },
        "x86_64-linux": {
          "outputs": [
            {
              "name": "out",
              "path": "/nix/store/zzf1nd9yx5fhl3dl7jmaj3lbfshiijv1-opentofu-1.8.8",
              "default": true
            }
          ],
          "store_path": "/nix/store/zzf1nd9yx5fhl3dl7jmaj3lbfshiijv1-opentofu-1.8.8"
        }
      }
    }
  }
}
